// !$*UTF8*$!
{
	archiveVersion = 1;
	classes = {
	};
	objectVersion = 46;
	objects = {

/* Begin PBXBuildFile section */
		35C02111D8E50130E0C076A1 /* libPods-StackApp.a in Frameworks */ = {isa = PBXBuildFile; fileRef = 692610E6B037EC58B0ED8003 /* libPods-StackApp.a */; };
		E45CB1E11C162AF9003C6E0B /* main.m in Sources */ = {isa = PBXBuildFile; fileRef = E45CB1E01C162AF9003C6E0B /* main.m */; };
		E45CB1E41C162AF9003C6E0B /* AppDelegate.m in Sources */ = {isa = PBXBuildFile; fileRef = E45CB1E31C162AF9003C6E0B /* AppDelegate.m */; };
		E45CB1EA1C162AF9003C6E0B /* Main.storyboard in Resources */ = {isa = PBXBuildFile; fileRef = E45CB1E81C162AF9003C6E0B /* Main.storyboard */; };
		E45CB1EC1C162AF9003C6E0B /* Assets.xcassets in Resources */ = {isa = PBXBuildFile; fileRef = E45CB1EB1C162AF9003C6E0B /* Assets.xcassets */; };
		E45CB1EF1C162AF9003C6E0B /* LaunchScreen.storyboard in Resources */ = {isa = PBXBuildFile; fileRef = E45CB1ED1C162AF9003C6E0B /* LaunchScreen.storyboard */; };
		E45CB1FB1C162C5B003C6E0B /* HamburgerViewController.m in Sources */ = {isa = PBXBuildFile; fileRef = E45CB1FA1C162C5B003C6E0B /* HamburgerViewController.m */; };
		E45CB1FE1C163D84003C6E0B /* OAuthViewController.m in Sources */ = {isa = PBXBuildFile; fileRef = E45CB1FD1C163D84003C6E0B /* OAuthViewController.m */; };
		E45CB2011C164722003C6E0B /* Errors.m in Sources */ = {isa = PBXBuildFile; fileRef = E45CB2001C164722003C6E0B /* Errors.m */; };
		E45CB2041C164EDC003C6E0B /* CheeseTableViewController.m in Sources */ = {isa = PBXBuildFile; fileRef = E45CB2031C164EDC003C6E0B /* CheeseTableViewController.m */; };
/* End PBXBuildFile section */

/* Begin PBXFileReference section */
		3F78F2469769859FC9F715C5 /* Pods-StackApp.debug.xcconfig */ = {isa = PBXFileReference; includeInIndex = 1; lastKnownFileType = text.xcconfig; name = "Pods-StackApp.debug.xcconfig"; path = "Pods/Target Support Files/Pods-StackApp/Pods-StackApp.debug.xcconfig"; sourceTree = "<group>"; };
		692610E6B037EC58B0ED8003 /* libPods-StackApp.a */ = {isa = PBXFileReference; explicitFileType = archive.ar; includeInIndex = 0; path = "libPods-StackApp.a"; sourceTree = BUILT_PRODUCTS_DIR; };
		E45CB1DC1C162AF9003C6E0B /* StackApp.app */ = {isa = PBXFileReference; explicitFileType = wrapper.application; includeInIndex = 0; path = StackApp.app; sourceTree = BUILT_PRODUCTS_DIR; };
		E45CB1E01C162AF9003C6E0B /* main.m */ = {isa = PBXFileReference; lastKnownFileType = sourcecode.c.objc; path = main.m; sourceTree = "<group>"; };
		E45CB1E21C162AF9003C6E0B /* AppDelegate.h */ = {isa = PBXFileReference; lastKnownFileType = sourcecode.c.h; path = AppDelegate.h; sourceTree = "<group>"; };
		E45CB1E31C162AF9003C6E0B /* AppDelegate.m */ = {isa = PBXFileReference; lastKnownFileType = sourcecode.c.objc; path = AppDelegate.m; sourceTree = "<group>"; };
		E45CB1E91C162AF9003C6E0B /* Base */ = {isa = PBXFileReference; lastKnownFileType = file.storyboard; name = Base; path = Base.lproj/Main.storyboard; sourceTree = "<group>"; };
		E45CB1EB1C162AF9003C6E0B /* Assets.xcassets */ = {isa = PBXFileReference; lastKnownFileType = folder.assetcatalog; path = Assets.xcassets; sourceTree = "<group>"; };
		E45CB1EE1C162AF9003C6E0B /* Base */ = {isa = PBXFileReference; lastKnownFileType = file.storyboard; name = Base; path = Base.lproj/LaunchScreen.storyboard; sourceTree = "<group>"; };
		E45CB1F01C162AF9003C6E0B /* Info.plist */ = {isa = PBXFileReference; lastKnownFileType = text.plist.xml; path = Info.plist; sourceTree = "<group>"; };
		E45CB1F91C162C5B003C6E0B /* HamburgerViewController.h */ = {isa = PBXFileReference; fileEncoding = 4; lastKnownFileType = sourcecode.c.h; path = HamburgerViewController.h; sourceTree = "<group>"; };
		E45CB1FA1C162C5B003C6E0B /* HamburgerViewController.m */ = {isa = PBXFileReference; fileEncoding = 4; lastKnownFileType = sourcecode.c.objc; path = HamburgerViewController.m; sourceTree = "<group>"; };
		E45CB1FC1C163D84003C6E0B /* OAuthViewController.h */ = {isa = PBXFileReference; fileEncoding = 4; lastKnownFileType = sourcecode.c.h; path = OAuthViewController.h; sourceTree = "<group>"; };
		E45CB1FD1C163D84003C6E0B /* OAuthViewController.m */ = {isa = PBXFileReference; fileEncoding = 4; lastKnownFileType = sourcecode.c.objc; path = OAuthViewController.m; sourceTree = "<group>"; };
		E45CB1FF1C1645F3003C6E0B /* Errors.h */ = {isa = PBXFileReference; lastKnownFileType = sourcecode.c.h; path = Errors.h; sourceTree = "<group>"; };
		E45CB2001C164722003C6E0B /* Errors.m */ = {isa = PBXFileReference; fileEncoding = 4; lastKnownFileType = sourcecode.c.objc; path = Errors.m; sourceTree = "<group>"; };
		E45CB2021C164EDC003C6E0B /* CheeseTableViewController.h */ = {isa = PBXFileReference; fileEncoding = 4; lastKnownFileType = sourcecode.c.h; path = CheeseTableViewController.h; sourceTree = "<group>"; };
		E45CB2031C164EDC003C6E0B /* CheeseTableViewController.m */ = {isa = PBXFileReference; fileEncoding = 4; lastKnownFileType = sourcecode.c.objc; path = CheeseTableViewController.m; sourceTree = "<group>"; };
		F4E63530127DEC9142280E07 /* Pods-StackApp.release.xcconfig */ = {isa = PBXFileReference; includeInIndex = 1; lastKnownFileType = text.xcconfig; name = "Pods-StackApp.release.xcconfig"; path = "Pods/Target Support Files/Pods-StackApp/Pods-StackApp.release.xcconfig"; sourceTree = "<group>"; };
/* End PBXFileReference section */

/* Begin PBXFrameworksBuildPhase section */
		E45CB1D91C162AF9003C6E0B /* Frameworks */ = {
			isa = PBXFrameworksBuildPhase;
			buildActionMask = 2147483647;
			files = (
				35C02111D8E50130E0C076A1 /* libPods-StackApp.a in Frameworks */,
			);
			runOnlyForDeploymentPostprocessing = 0;
		};
/* End PBXFrameworksBuildPhase section */

/* Begin PBXGroup section */
		9413A8896B34B7EEC8BE9DAA /* Frameworks */ = {
			isa = PBXGroup;
			children = (
				692610E6B037EC58B0ED8003 /* libPods-StackApp.a */,
			);
			name = Frameworks;
			sourceTree = "<group>";
		};
		A85884E905F1B2CEF504DCE3 /* Pods */ = {
			isa = PBXGroup;
			children = (
				3F78F2469769859FC9F715C5 /* Pods-StackApp.debug.xcconfig */,
				F4E63530127DEC9142280E07 /* Pods-StackApp.release.xcconfig */,
			);
			name = Pods;
			sourceTree = "<group>";
		};
		E45CB1D31C162AF9003C6E0B = {
			isa = PBXGroup;
			children = (
				E45CB1DE1C162AF9003C6E0B /* StackApp */,
				E45CB1DD1C162AF9003C6E0B /* Products */,
				A85884E905F1B2CEF504DCE3 /* Pods */,
				9413A8896B34B7EEC8BE9DAA /* Frameworks */,
			);
			sourceTree = "<group>";
		};
		E45CB1DD1C162AF9003C6E0B /* Products */ = {
			isa = PBXGroup;
			children = (
				E45CB1DC1C162AF9003C6E0B /* StackApp.app */,
			);
			name = Products;
			sourceTree = "<group>";
		};
		E45CB1DE1C162AF9003C6E0B /* StackApp */ = {
			isa = PBXGroup;
			children = (
				E45CB1F81C162C23003C6E0B /* Model */,
				E45CB1F71C162C20003C6E0B /* View */,
				E45CB1F61C162C1C003C6E0B /* Controller */,
				E45CB1DF1C162AF9003C6E0B /* Supporting Files */,
			);
			path = StackApp;
			sourceTree = "<group>";
		};
		E45CB1DF1C162AF9003C6E0B /* Supporting Files */ = {
			isa = PBXGroup;
			children = (
				E45CB1EB1C162AF9003C6E0B /* Assets.xcassets */,
				E45CB1F01C162AF9003C6E0B /* Info.plist */,
				E45CB1ED1C162AF9003C6E0B /* LaunchScreen.storyboard */,
				E45CB1E01C162AF9003C6E0B /* main.m */,
			);
			name = "Supporting Files";
			sourceTree = "<group>";
		};
		E45CB1F61C162C1C003C6E0B /* Controller */ = {
			isa = PBXGroup;
			children = (
				E45CB2021C164EDC003C6E0B /* CheeseTableViewController.h */,
				E45CB2031C164EDC003C6E0B /* CheeseTableViewController.m */,
				E45CB1FC1C163D84003C6E0B /* OAuthViewController.h */,
				E45CB1FD1C163D84003C6E0B /* OAuthViewController.m */,
				E45CB1F91C162C5B003C6E0B /* HamburgerViewController.h */,
				E45CB1FA1C162C5B003C6E0B /* HamburgerViewController.m */,
				E45CB1E21C162AF9003C6E0B /* AppDelegate.h */,
				E45CB1E31C162AF9003C6E0B /* AppDelegate.m */,
			);
			name = Controller;
			sourceTree = "<group>";
		};
		E45CB1F71C162C20003C6E0B /* View */ = {
			isa = PBXGroup;
			children = (
				E45CB1E81C162AF9003C6E0B /* Main.storyboard */,
			);
			name = View;
			sourceTree = "<group>";
		};
		E45CB1F81C162C23003C6E0B /* Model */ = {
			isa = PBXGroup;
			children = (
				E45CB1FF1C1645F3003C6E0B /* Errors.h */,
				E45CB2001C164722003C6E0B /* Errors.m */,
			);
			name = Model;
			sourceTree = "<group>";
		};
/* End PBXGroup section */

/* Begin PBXNativeTarget section */
		E45CB1DB1C162AF9003C6E0B /* StackApp */ = {
			isa = PBXNativeTarget;
			buildConfigurationList = E45CB1F31C162AF9003C6E0B /* Build configuration list for PBXNativeTarget "StackApp" */;
			buildPhases = (
				64F776BE9DCA45A15D9F2926 /* Check Pods Manifest.lock */,
				E45CB1D81C162AF9003C6E0B /* Sources */,
				E45CB1D91C162AF9003C6E0B /* Frameworks */,
				E45CB1DA1C162AF9003C6E0B /* Resources */,
				0122F40E82155D8C17182719 /* Embed Pods Frameworks */,
				367ECC74480C890EE3CCF27D /* Copy Pods Resources */,
			);
			buildRules = (
			);
			dependencies = (
			);
			name = StackApp;
			productName = StackApp;
			productReference = E45CB1DC1C162AF9003C6E0B /* StackApp.app */;
			productType = "com.apple.product-type.application";
		};
/* End PBXNativeTarget section */

/* Begin PBXProject section */
		E45CB1D41C162AF9003C6E0B /* Project object */ = {
			isa = PBXProject;
			attributes = {
				LastUpgradeCheck = 0710;
				ORGANIZATIONNAME = TheodoreAbshire;
				TargetAttributes = {
					E45CB1DB1C162AF9003C6E0B = {
						CreatedOnToolsVersion = 7.1.1;
					};
				};
			};
			buildConfigurationList = E45CB1D71C162AF9003C6E0B /* Build configuration list for PBXProject "StackApp" */;
			compatibilityVersion = "Xcode 3.2";
			developmentRegion = English;
			hasScannedForEncodings = 0;
			knownRegions = (
				en,
				Base,
			);
			mainGroup = E45CB1D31C162AF9003C6E0B;
			productRefGroup = E45CB1DD1C162AF9003C6E0B /* Products */;
			projectDirPath = "";
			projectRoot = "";
			targets = (
				E45CB1DB1C162AF9003C6E0B /* StackApp */,
			);
		};
/* End PBXProject section */

/* Begin PBXResourcesBuildPhase section */
		E45CB1DA1C162AF9003C6E0B /* Resources */ = {
			isa = PBXResourcesBuildPhase;
			buildActionMask = 2147483647;
			files = (
				E45CB1EF1C162AF9003C6E0B /* LaunchScreen.storyboard in Resources */,
				E45CB1EC1C162AF9003C6E0B /* Assets.xcassets in Resources */,
				E45CB1EA1C162AF9003C6E0B /* Main.storyboard in Resources */,
			);
			runOnlyForDeploymentPostprocessing = 0;
		};
/* End PBXResourcesBuildPhase section */

/* Begin PBXShellScriptBuildPhase section */
		0122F40E82155D8C17182719 /* Embed Pods Frameworks */ = {
			isa = PBXShellScriptBuildPhase;
			buildActionMask = 2147483647;
			files = (
			);
			inputPaths = (
			);
			name = "Embed Pods Frameworks";
			outputPaths = (
			);
			runOnlyForDeploymentPostprocessing = 0;
			shellPath = /bin/sh;
			shellScript = "\"${SRCROOT}/Pods/Target Support Files/Pods-StackApp/Pods-StackApp-frameworks.sh\"\n";
			showEnvVarsInLog = 0;
		};
		367ECC74480C890EE3CCF27D /* Copy Pods Resources */ = {
			isa = PBXShellScriptBuildPhase;
			buildActionMask = 2147483647;
			files = (
			);
			inputPaths = (
			);
			name = "Copy Pods Resources";
			outputPaths = (
			);
			runOnlyForDeploymentPostprocessing = 0;
			shellPath = /bin/sh;
			shellScript = "\"${SRCROOT}/Pods/Target Support Files/Pods-StackApp/Pods-StackApp-resources.sh\"\n";
			showEnvVarsInLog = 0;
		};
		64F776BE9DCA45A15D9F2926 /* Check Pods Manifest.lock */ = {
			isa = PBXShellScriptBuildPhase;
			buildActionMask = 2147483647;
			files = (
			);
			inputPaths = (
			);
			name = "Check Pods Manifest.lock";
			outputPaths = (
			);
			runOnlyForDeploymentPostprocessing = 0;
			shellPath = /bin/sh;
			shellScript = "diff \"${PODS_ROOT}/../Podfile.lock\" \"${PODS_ROOT}/Manifest.lock\" > /dev/null\nif [[ $? != 0 ]] ; then\n    cat << EOM\nerror: The sandbox is not in sync with the Podfile.lock. Run 'pod install' or update your CocoaPods installation.\nEOM\n    exit 1\nfi\n";
			showEnvVarsInLog = 0;
		};
/* End PBXShellScriptBuildPhase section */

/* Begin PBXSourcesBuildPhase section */
		E45CB1D81C162AF9003C6E0B /* Sources */ = {
			isa = PBXSourcesBuildPhase;
			buildActionMask = 2147483647;
			files = (
				E45CB2011C164722003C6E0B /* Errors.m in Sources */,
				E45CB1FE1C163D84003C6E0B /* OAuthViewController.m in Sources */,
				E45CB2041C164EDC003C6E0B /* CheeseTableViewController.m in Sources */,
				E45CB1E41C162AF9003C6E0B /* AppDelegate.m in Sources */,
				E45CB1E11C162AF9003C6E0B /* main.m in Sources */,
				E45CB1FB1C162C5B003C6E0B /* HamburgerViewController.m in Sources */,
			);
			runOnlyForDeploymentPostprocessing = 0;
		};
/* End PBXSourcesBuildPhase section */

/* Begin PBXVariantGroup section */
		E45CB1E81C162AF9003C6E0B /* Main.storyboard */ = {
			isa = PBXVariantGroup;
			children = (
				E45CB1E91C162AF9003C6E0B /* Base */,
			);
			name = Main.storyboard;
			sourceTree = "<group>";
		};
		E45CB1ED1C162AF9003C6E0B /* LaunchScreen.storyboard */ = {
			isa = PBXVariantGroup;
			children = (
				E45CB1EE1C162AF9003C6E0B /* Base */,
			);
			name = LaunchScreen.storyboard;
			sourceTree = "<group>";
		};
/* End PBXVariantGroup section */

/* Begin XCBuildConfiguration section */
		E45CB1F11C162AF9003C6E0B /* Debug */ = {
			isa = XCBuildConfiguration;
			buildSettings = {
				ALWAYS_SEARCH_USER_PATHS = NO;
				CLANG_CXX_LANGUAGE_STANDARD = "gnu++0x";
				CLANG_CXX_LIBRARY = "libc++";
				CLANG_ENABLE_MODULES = YES;
				CLANG_ENABLE_OBJC_ARC = YES;
				CLANG_WARN_BOOL_CONVERSION = YES;
				CLANG_WARN_CONSTANT_CONVERSION = YES;
				CLANG_WARN_DIRECT_OBJC_ISA_USAGE = YES_ERROR;
				CLANG_WARN_EMPTY_BODY = YES;
				CLANG_WARN_ENUM_CONVERSION = YES;
				CLANG_WARN_INT_CONVERSION = YES;
				CLANG_WARN_OBJC_ROOT_CLASS = YES_ERROR;
				CLANG_WARN_UNREACHABLE_CODE = YES;
				CLANG_WARN__DUPLICATE_METHOD_MATCH = YES;
				"CODE_SIGN_IDENTITY[sdk=iphoneos*]" = "iPhone Developer";
				COPY_PHASE_STRIP = NO;
				DEBUG_INFORMATION_FORMAT = dwarf;
				ENABLE_STRICT_OBJC_MSGSEND = YES;
				ENABLE_TESTABILITY = YES;
				GCC_C_LANGUAGE_STANDARD = gnu99;
				GCC_DYNAMIC_NO_PIC = NO;
				GCC_NO_COMMON_BLOCKS = YES;
				GCC_OPTIMIZATION_LEVEL = 0;
				GCC_PREPROCESSOR_DEFINITIONS = (
					"DEBUG=1",
					"$(inherited)",
				);
				GCC_WARN_64_TO_32_BIT_CONVERSION = YES;
				GCC_WARN_ABOUT_RETURN_TYPE = YES_ERROR;
				GCC_WARN_UNDECLARED_SELECTOR = YES;
				GCC_WARN_UNINITIALIZED_AUTOS = YES_AGGRESSIVE;
				GCC_WARN_UNUSED_FUNCTION = YES;
				GCC_WARN_UNUSED_VARIABLE = YES;
				IPHONEOS_DEPLOYMENT_TARGET = 9.1;
				MTL_ENABLE_DEBUG_INFO = YES;
				ONLY_ACTIVE_ARCH = YES;
				SDKROOT = iphoneos;
				TARGETED_DEVICE_FAMILY = "1,2";
			};
			name = Debug;
		};
		E45CB1F21C162AF9003C6E0B /* Release */ = {
			isa = XCBuildConfiguration;
			buildSettings = {
				ALWAYS_SEARCH_USER_PATHS = NO;
				CLANG_CXX_LANGUAGE_STANDARD = "gnu++0x";
				CLANG_CXX_LIBRARY = "libc++";
				CLANG_ENABLE_MODULES = YES;
				CLANG_ENABLE_OBJC_ARC = YES;
				CLANG_WARN_BOOL_CONVERSION = YES;
				CLANG_WARN_CONSTANT_CONVERSION = YES;
				CLANG_WARN_DIRECT_OBJC_ISA_USAGE = YES_ERROR;
				CLANG_WARN_EMPTY_BODY = YES;
				CLANG_WARN_ENUM_CONVERSION = YES;
				CLANG_WARN_INT_CONVERSION = YES;
				CLANG_WARN_OBJC_ROOT_CLASS = YES_ERROR;
				CLANG_WARN_UNREACHABLE_CODE = YES;
				CLANG_WARN__DUPLICATE_METHOD_MATCH = YES;
				"CODE_SIGN_IDENTITY[sdk=iphoneos*]" = "iPhone Developer";
				COPY_PHASE_STRIP = NO;
				DEBUG_INFORMATION_FORMAT = "dwarf-with-dsym";
				ENABLE_NS_ASSERTIONS = NO;
				ENABLE_STRICT_OBJC_MSGSEND = YES;
				GCC_C_LANGUAGE_STANDARD = gnu99;
				GCC_NO_COMMON_BLOCKS = YES;
				GCC_WARN_64_TO_32_BIT_CONVERSION = YES;
				GCC_WARN_ABOUT_RETURN_TYPE = YES_ERROR;
				GCC_WARN_UNDECLARED_SELECTOR = YES;
				GCC_WARN_UNINITIALIZED_AUTOS = YES_AGGRESSIVE;
				GCC_WARN_UNUSED_FUNCTION = YES;
				GCC_WARN_UNUSED_VARIABLE = YES;
				IPHONEOS_DEPLOYMENT_TARGET = 9.1;
				MTL_ENABLE_DEBUG_INFO = NO;
				SDKROOT = iphoneos;
				TARGETED_DEVICE_FAMILY = "1,2";
				VALIDATE_PRODUCT = YES;
			};
			name = Release;
		};
		E45CB1F41C162AF9003C6E0B /* Debug */ = {
			isa = XCBuildConfiguration;
			baseConfigurationReference = 3F78F2469769859FC9F715C5 /* Pods-StackApp.debug.xcconfig */;
			buildSettings = {
				ASSETCATALOG_COMPILER_APPICON_NAME = AppIcon;
				INFOPLIST_FILE = StackApp/Info.plist;
				LD_RUNPATH_SEARCH_PATHS = "$(inherited) @executable_path/Frameworks";
				PRODUCT_BUNDLE_IDENTIFIER = TA.StackApp;
				PRODUCT_NAME = "$(TARGET_NAME)";
			};
			name = Debug;
		};
		E45CB1F51C162AF9003C6E0B /* Release */ = {
			isa = XCBuildConfiguration;
			baseConfigurationReference = F4E63530127DEC9142280E07 /* Pods-StackApp.release.xcconfig */;
			buildSettings = {
				ASSETCATALOG_COMPILER_APPICON_NAME = AppIcon;
				INFOPLIST_FILE = StackApp/Info.plist;
				LD_RUNPATH_SEARCH_PATHS = "$(inherited) @executable_path/Frameworks";
				PRODUCT_BUNDLE_IDENTIFIER = TA.StackApp;
				PRODUCT_NAME = "$(TARGET_NAME)";
			};
			name = Release;
		};
/* End XCBuildConfiguration section */

/* Begin XCConfigurationList section */
		E45CB1D71C162AF9003C6E0B /* Build configuration list for PBXProject "StackApp" */ = {
			isa = XCConfigurationList;
			buildConfigurations = (
				E45CB1F11C162AF9003C6E0B /* Debug */,
				E45CB1F21C162AF9003C6E0B /* Release */,
			);
			defaultConfigurationIsVisible = 0;
			defaultConfigurationName = Release;
		};
		E45CB1F31C162AF9003C6E0B /* Build configuration list for PBXNativeTarget "StackApp" */ = {
			isa = XCConfigurationList;
			buildConfigurations = (
				E45CB1F41C162AF9003C6E0B /* Debug */,
				E45CB1F51C162AF9003C6E0B /* Release */,
			);
			defaultConfigurationIsVisible = 0;
			defaultConfigurationName = Release;
		};
/* End XCConfigurationList section */
	};
	rootObject = E45CB1D41C162AF9003C6E0B /* Project object */;
}
